
Microsoft Visual Studio Solution File, Format Version 12.00
# Visual Studio 15
VisualStudioVersion = 15.0.28307.1022
MinimumVisualStudioVersion = 10.0.40219.1
Project("{FAE04EC0-301F-11D3-BF4B-00C04F79EFBC}") = "RazorMegaDesk", "RazorMegaDesk\RazorMegaDesk.csproj", "{58B30566-26DD-43F3-B0B3-F28154F649D7}"
EndProject
Global
	GlobalSection(SolutionConfigurationPlatforms) = preSolution
		Debug|Any CPU = Debug|Any CPU
		Release|Any CPU = Release|Any CPU
	EndGlobalSection
	GlobalSection(ProjectConfigurationPlatforms) = postSolution
		{58B30566-26DD-43F3-B0B3-F28154F649D7}.Debug|Any CPU.ActiveCfg = Debug|Any CPU
		{58B30566-26DD-43F3-B0B3-F28154F649D7}.Debug|Any CPU.Build.0 = Debug|Any CPU
		{58B30566-26DD-43F3-B0B3-F28154F649D7}.Release|Any CPU.ActiveCfg = Release|Any CPU
		{58B30566-26DD-43F3-B0B3-F28154F649D7}.Release|Any CPU.Build.0 = Release|Any CPU
	EndGlobalSection
	GlobalSection(SolutionProperties) = preSolution
		HideSolutionNode = FALSE
	EndGlobalSection
	GlobalSection(ExtensibilityGlobals) = postSolution
		SolutionGuid = {3B8717F8-67F9-4834-94E6-12D99B0266F0}
	EndGlobalSection
EndGlobal
